
Microsoft Visual Studio Solution File, Format Version 12.00
# Visual Studio Version 17
VisualStudioVersion = 17.8.34525.116
MinimumVisualStudioVersion = 10.0.40219.1
Project("{FAE04EC0-301F-11D3-BF4B-00C04F79EFBC}") = "WebApplicationWeather", "WebApplicationWeather.csproj", "{C80E0D5C-A19D-45BD-A8C6-76BCAEA4363E}"
EndProject
Global
	GlobalSection(SolutionConfigurationPlatforms) = preSolution
		Debug|Any CPU = Debug|Any CPU
		Release|Any CPU = Release|Any CPU
	EndGlobalSection
	GlobalSection(ProjectConfigurationPlatforms) = postSolution
		{C80E0D5C-A19D-45BD-A8C6-76BCAEA4363E}.Debug|Any CPU.ActiveCfg = Debug|Any CPU
		{C80E0D5C-A19D-45BD-A8C6-76BCAEA4363E}.Debug|Any CPU.Build.0 = Debug|Any CPU
		{C80E0D5C-A19D-45BD-A8C6-76BCAEA4363E}.Release|Any CPU.ActiveCfg = Release|Any CPU
		{C80E0D5C-A19D-45BD-A8C6-76BCAEA4363E}.Release|Any CPU.Build.0 = Release|Any CPU
	EndGlobalSection
	GlobalSection(SolutionProperties) = preSolution
		HideSolutionNode = FALSE
	EndGlobalSection
	GlobalSection(ExtensibilityGlobals) = postSolution
		SolutionGuid = {6EAB0D42-E729-4CE2-BFF9-152EC753D1C5}
	EndGlobalSection
EndGlobal
